// !$*UTF8*$!
{
	archiveVersion = 1;
	classes = {
	};
	objectVersion = 53;
	objects = {

/* Begin PBXBuildFile section */
		FB30E07B416424F1522DFD76 /* SceneDelegate.swift in Sources */ = {isa = PBXBuildFile; fileRef = FB30EB6F4D46557ED5A2A502 /* SceneDelegate.swift */; };
		FB30E3BB37731252F8ECA889 /* Assets.xcassets in Resources */ = {isa = PBXBuildFile; fileRef = FB30E01901D6B4143FA041B0 /* Assets.xcassets */; };
		FB30E4E81F7E66FA3BFFBC21 /* Tracker.swift in Sources */ = {isa = PBXBuildFile; fileRef = FB30EF4AAA51BF7CEF7319E3 /* Tracker.swift */; };
		FB30E553DDB671BA6BA440BF /* Category.swift in Sources */ = {isa = PBXBuildFile; fileRef = FB30E89E60C013836942C045 /* Category.swift */; };
		FB30E5BA6BC39F72E0EC3CA0 /* AppDelegate.swift in Sources */ = {isa = PBXBuildFile; fileRef = FB30E8AF8DCBBF2EED35536B /* AppDelegate.swift */; };
		FB30E62E1F911CB2DB63E602 /* Colors.swift in Sources */ = {isa = PBXBuildFile; fileRef = FB30E771485A382CB4C52359 /* Colors.swift */; };
		FB30E79A2F8D9A628C4B636D /* DatePicker.swift in Sources */ = {isa = PBXBuildFile; fileRef = FB30EB13F25A09D374CF5E7C /* DatePicker.swift */; };
		FB30E8CA6EF97FF2A5A80B7C /* UIColorExtenstion.swift in Sources */ = {isa = PBXBuildFile; fileRef = FB30E572D24407BDC3D58C9E /* UIColorExtenstion.swift */; };
		FB30E9524E576FC3F8D09A26 /* CollectionTracker.swift in Sources */ = {isa = PBXBuildFile; fileRef = FB30E3622AFFB8F7B6B53FE0 /* CollectionTracker.swift */; };
		FB30EAEFB71055611A400177 /* CreateTrackerButton.swift in Sources */ = {isa = PBXBuildFile; fileRef = FB30E91575ACB1BD47833961 /* CreateTrackerButton.swift */; };
		FB30EB04D3316726391F291B /* TrackerTabsController.swift in Sources */ = {isa = PBXBuildFile; fileRef = FB30E59CAE9BE1E91F4D97AB /* TrackerTabsController.swift */; };
		FB30EB83C4B88AD72E3F401E /* StatisticViewController.swift in Sources */ = {isa = PBXBuildFile; fileRef = FB30E2BED96C43E11E51E8EA /* StatisticViewController.swift */; };
		FB30EBE24F9359F0F9D8CD65 /* LaunchScreen.storyboard in Resources */ = {isa = PBXBuildFile; fileRef = FB30E0E3F1F971B005E41D09 /* LaunchScreen.storyboard */; };
		FB30EC2A0644B16FD8DC4CBB /* SearchController.swift in Sources */ = {isa = PBXBuildFile; fileRef = FB30E2158396167E7E9EBCAE /* SearchController.swift */; };
		FB30EC708C632085928BF19F /* TrackerViewController.swift in Sources */ = {isa = PBXBuildFile; fileRef = FB30E2F0B42E1E2F68D97234 /* TrackerViewController.swift */; };
		FB30EEF22A1C0F21682185D6 /* WeekDay.swift in Sources */ = {isa = PBXBuildFile; fileRef = FB30EB4D2CE0431A59FD0F32 /* WeekDay.swift */; };
/* End PBXBuildFile section */

/* Begin PBXFileReference section */
		FB30E01901D6B4143FA041B0 /* Assets.xcassets */ = {isa = PBXFileReference; lastKnownFileType = folder.assetcatalog; path = Assets.xcassets; sourceTree = "<group>"; };
		FB30E0E3F1F971B005E41D09 /* LaunchScreen.storyboard */ = {isa = PBXFileReference; lastKnownFileType = file.storyboard; path = LaunchScreen.storyboard; sourceTree = "<group>"; };
		FB30E2158396167E7E9EBCAE /* SearchController.swift */ = {isa = PBXFileReference; fileEncoding = 4; lastKnownFileType = sourcecode.swift; path = SearchController.swift; sourceTree = "<group>"; };
		FB30E2BED96C43E11E51E8EA /* StatisticViewController.swift */ = {isa = PBXFileReference; fileEncoding = 4; lastKnownFileType = sourcecode.swift; path = StatisticViewController.swift; sourceTree = "<group>"; };
		FB30E2F0B42E1E2F68D97234 /* TrackerViewController.swift */ = {isa = PBXFileReference; fileEncoding = 4; lastKnownFileType = sourcecode.swift; path = TrackerViewController.swift; sourceTree = "<group>"; };
		FB30E3622AFFB8F7B6B53FE0 /* CollectionTracker.swift */ = {isa = PBXFileReference; fileEncoding = 4; lastKnownFileType = sourcecode.swift; path = CollectionTracker.swift; sourceTree = "<group>"; };
		FB30E572D24407BDC3D58C9E /* UIColorExtenstion.swift */ = {isa = PBXFileReference; fileEncoding = 4; lastKnownFileType = sourcecode.swift; path = UIColorExtenstion.swift; sourceTree = "<group>"; };
		FB30E59CAE9BE1E91F4D97AB /* TrackerTabsController.swift */ = {isa = PBXFileReference; fileEncoding = 4; lastKnownFileType = sourcecode.swift; path = TrackerTabsController.swift; sourceTree = "<group>"; };
		FB30E771485A382CB4C52359 /* Colors.swift */ = {isa = PBXFileReference; fileEncoding = 4; lastKnownFileType = sourcecode.swift; path = Colors.swift; sourceTree = "<group>"; };
		FB30E89E60C013836942C045 /* Category.swift */ = {isa = PBXFileReference; fileEncoding = 4; lastKnownFileType = sourcecode.swift; path = Category.swift; sourceTree = "<group>"; };
		FB30E8AF8DCBBF2EED35536B /* AppDelegate.swift */ = {isa = PBXFileReference; lastKnownFileType = sourcecode.swift; path = AppDelegate.swift; sourceTree = "<group>"; };
		FB30E91575ACB1BD47833961 /* CreateTrackerButton.swift */ = {isa = PBXFileReference; fileEncoding = 4; lastKnownFileType = sourcecode.swift; path = CreateTrackerButton.swift; sourceTree = "<group>"; };
		FB30E97677A4D48F1C64A5A8 /* Tracker.app */ = {isa = PBXFileReference; explicitFileType = wrapper.application; includeInIndex = 0; path = Tracker.app; sourceTree = BUILT_PRODUCTS_DIR; };
		FB30EAC9A9D56F5AC2AA5E4E /* Info.plist */ = {isa = PBXFileReference; fileEncoding = 4; lastKnownFileType = text.plist.info; path = Info.plist; sourceTree = "<group>"; };
		FB30EB13F25A09D374CF5E7C /* DatePicker.swift */ = {isa = PBXFileReference; fileEncoding = 4; lastKnownFileType = sourcecode.swift; path = DatePicker.swift; sourceTree = "<group>"; };
		FB30EB4D2CE0431A59FD0F32 /* WeekDay.swift */ = {isa = PBXFileReference; fileEncoding = 4; lastKnownFileType = sourcecode.swift; path = WeekDay.swift; sourceTree = "<group>"; };
		FB30EB6F4D46557ED5A2A502 /* SceneDelegate.swift */ = {isa = PBXFileReference; lastKnownFileType = sourcecode.swift; path = SceneDelegate.swift; sourceTree = "<group>"; };
		FB30EF4AAA51BF7CEF7319E3 /* Tracker.swift */ = {isa = PBXFileReference; fileEncoding = 4; lastKnownFileType = sourcecode.swift; path = Tracker.swift; sourceTree = "<group>"; };
/* End PBXFileReference section */

/* Begin PBXFrameworksBuildPhase section */
		FB30E386AD403C73A4DC69C3 /* Frameworks */ = {
			isa = PBXFrameworksBuildPhase;
			buildActionMask = 2147483647;
			files = (
			);
			runOnlyForDeploymentPostprocessing = 0;
		};
/* End PBXFrameworksBuildPhase section */

/* Begin PBXGroup section */
		FB30E085DEE7D844CF8C5EB8 /* Schedule */ = {
			isa = PBXGroup;
			children = (
				FB30EB4D2CE0431A59FD0F32 /* WeekDay.swift */,
			);
			path = Schedule;
			sourceTree = "<group>";
		};
		FB30E0A19602629B19C02B43 /* Tracker */ = {
			isa = PBXGroup;
			children = (
				FB30EF4AAA51BF7CEF7319E3 /* Tracker.swift */,
				FB30E771485A382CB4C52359 /* Colors.swift */,
			);
			path = Tracker;
			sourceTree = "<group>";
		};
		FB30E1BE6EC58A3700CAABF7 /* Extenstion */ = {
			isa = PBXGroup;
			children = (
				FB30E572D24407BDC3D58C9E /* UIColorExtenstion.swift */,
			);
			path = Extenstion;
			sourceTree = "<group>";
		};
		FB30E2BF590CF19EACD298D4 /* Trackers */ = {
			isa = PBXGroup;
			children = (
				FB30E2F0B42E1E2F68D97234 /* TrackerViewController.swift */,
				FB30EA5B1385BB73FFB5A10E /* Components */,
			);
			path = Trackers;
			sourceTree = "<group>";
		};
		FB30E2DDB3F305FF7493C489 /* Scene */ = {
			isa = PBXGroup;
			children = (
				FB30E2BF590CF19EACD298D4 /* Trackers */,
				FB30E352385C9FA418FCD069 /* Statistic */,
				FB30E59CAE9BE1E91F4D97AB /* TrackerTabsController.swift */,
			);
			path = Scene;
			sourceTree = "<group>";
		};
		FB30E352385C9FA418FCD069 /* Statistic */ = {
			isa = PBXGroup;
			children = (
				FB30E2BED96C43E11E51E8EA /* StatisticViewController.swift */,
			);
			path = Statistic;
			sourceTree = "<group>";
		};
		FB30E3F127BF875D35BED51A /* Category */ = {
			isa = PBXGroup;
			children = (
				FB30E89E60C013836942C045 /* Category.swift */,
			);
			path = Category;
			sourceTree = "<group>";
		};
		FB30E42095BB6227080E4AB3 /* Products */ = {
			isa = PBXGroup;
			children = (
				FB30E97677A4D48F1C64A5A8 /* Tracker.app */,
			);
			name = Products;
			sourceTree = "<group>";
		};
		FB30E84ED5F22B9841C68334 = {
			isa = PBXGroup;
			children = (
				FB30E42095BB6227080E4AB3 /* Products */,
				FB30EC1A1DA3B752A883302E /* Tracker */,
			);
			sourceTree = "<group>";
		};
		FB30E9323EC0A7D2C3A7F916 /* Resource */ = {
			isa = PBXGroup;
			children = (
				FB30E01901D6B4143FA041B0 /* Assets.xcassets */,
				FB30EAC9A9D56F5AC2AA5E4E /* Info.plist */,
				FB30E0E3F1F971B005E41D09 /* LaunchScreen.storyboard */,
			);
			path = Resource;
			sourceTree = "<group>";
		};
		FB30EA5B1385BB73FFB5A10E /* Components */ = {
			isa = PBXGroup;
			children = (
				FB30E91575ACB1BD47833961 /* CreateTrackerButton.swift */,
				FB30E2158396167E7E9EBCAE /* SearchController.swift */,
				FB30EB13F25A09D374CF5E7C /* DatePicker.swift */,
				FB30E3622AFFB8F7B6B53FE0 /* CollectionTracker.swift */,
			);
			path = Components;
			sourceTree = "<group>";
		};
		FB30EC1A1DA3B752A883302E /* Tracker */ = {
			isa = PBXGroup;
			children = (
				FB30E8AF8DCBBF2EED35536B /* AppDelegate.swift */,
				FB30EB6F4D46557ED5A2A502 /* SceneDelegate.swift */,
				FB30E0A19602629B19C02B43 /* Tracker */,
				FB30E3F127BF875D35BED51A /* Category */,
				FB30E085DEE7D844CF8C5EB8 /* Schedule */,
				FB30E1BE6EC58A3700CAABF7 /* Extenstion */,
				FB30E2DDB3F305FF7493C489 /* Scene */,
				FB30E9323EC0A7D2C3A7F916 /* Resource */,
			);
			path = Tracker;
			sourceTree = "<group>";
		};
/* End PBXGroup section */

/* Begin PBXNativeTarget section */
		FB30E563344E0F59A5D50D32 /* Tracker */ = {
			isa = PBXNativeTarget;
			buildConfigurationList = FB30E32AF629D97275B25910 /* Build configuration list for PBXNativeTarget "Tracker" */;
			buildPhases = (
				FB30E37E0324027CC6536E9E /* Sources */,
				FB30E386AD403C73A4DC69C3 /* Frameworks */,
				FB30E26E1FCE9F4D95F32CEB /* Resources */,
			);
			buildRules = (
			);
			dependencies = (
			);
			name = Tracker;
			productName = Tracker;
			productReference = FB30E97677A4D48F1C64A5A8 /* Tracker.app */;
			productType = "com.apple.product-type.application";
		};
/* End PBXNativeTarget section */

/* Begin PBXProject section */
		FB30EED2072A05AAAD9644C8 /* Project object */ = {
			isa = PBXProject;
			attributes = {
				BuildIndependentTargetsInParallel = YES;
				LastUpgradeCheck = 1430;
			};
			buildConfigurationList = FB30EEE6C7C4767C717DC6A9 /* Build configuration list for PBXProject "Tracker" */;
			compatibilityVersion = "Xcode 3.2";
			developmentRegion = en;
			hasScannedForEncodings = 0;
			knownRegions = (
				en,
				Base,
			);
			mainGroup = FB30E84ED5F22B9841C68334;
			productRefGroup = FB30E42095BB6227080E4AB3 /* Products */;
			projectDirPath = "";
			projectRoot = "";
			targets = (
				FB30E563344E0F59A5D50D32 /* Tracker */,
			);
		};
/* End PBXProject section */

/* Begin PBXResourcesBuildPhase section */
		FB30E26E1FCE9F4D95F32CEB /* Resources */ = {
			isa = PBXResourcesBuildPhase;
			buildActionMask = 2147483647;
			files = (
				FB30E3BB37731252F8ECA889 /* Assets.xcassets in Resources */,
				FB30EBE24F9359F0F9D8CD65 /* LaunchScreen.storyboard in Resources */,
			);
			runOnlyForDeploymentPostprocessing = 0;
		};
/* End PBXResourcesBuildPhase section */

/* Begin PBXSourcesBuildPhase section */
		FB30E37E0324027CC6536E9E /* Sources */ = {
			isa = PBXSourcesBuildPhase;
			buildActionMask = 2147483647;
			files = (
				FB30E5BA6BC39F72E0EC3CA0 /* AppDelegate.swift in Sources */,
				FB30E07B416424F1522DFD76 /* SceneDelegate.swift in Sources */,
				FB30E553DDB671BA6BA440BF /* Category.swift in Sources */,
				FB30E4E81F7E66FA3BFFBC21 /* Tracker.swift in Sources */,
				FB30E62E1F911CB2DB63E602 /* Colors.swift in Sources */,
				FB30E8CA6EF97FF2A5A80B7C /* UIColorExtenstion.swift in Sources */,
				FB30EEF22A1C0F21682185D6 /* WeekDay.swift in Sources */,
				FB30EB04D3316726391F291B /* TrackerTabsController.swift in Sources */,
				FB30EC708C632085928BF19F /* TrackerViewController.swift in Sources */,
				FB30EB83C4B88AD72E3F401E /* StatisticViewController.swift in Sources */,
				FB30EAEFB71055611A400177 /* CreateTrackerButton.swift in Sources */,
				FB30EC2A0644B16FD8DC4CBB /* SearchController.swift in Sources */,
				FB30E79A2F8D9A628C4B636D /* DatePicker.swift in Sources */,
				FB30E9524E576FC3F8D09A26 /* CollectionTracker.swift in Sources */,
			);
			runOnlyForDeploymentPostprocessing = 0;
		};
/* End PBXSourcesBuildPhase section */

/* Begin XCBuildConfiguration section */
		FB30E6B1852525B137EA4C36 /* Release */ = {
			isa = XCBuildConfiguration;
			buildSettings = {
				ALWAYS_SEARCH_USER_PATHS = NO;
				CLANG_ANALYZER_LOCALIZABILITY_NONLOCALIZED = YES;
				CLANG_ANALYZER_NONNULL = YES;
				CLANG_ANALYZER_NUMBER_OBJECT_CONVERSION = YES_AGGRESSIVE;
				CLANG_CXX_LANGUAGE_STANDARD = "gnu++20";
				CLANG_ENABLE_MODULES = YES;
				CLANG_ENABLE_OBJC_ARC = YES;
				CLANG_ENABLE_OBJC_WEAK = YES;
				CLANG_WARN_BLOCK_CAPTURE_AUTORELEASING = YES;
				CLANG_WARN_BOOL_CONVERSION = YES;
				CLANG_WARN_COMMA = YES;
				CLANG_WARN_CONSTANT_CONVERSION = YES;
				CLANG_WARN_DEPRECATED_OBJC_IMPLEMENTATIONS = YES;
				CLANG_WARN_DIRECT_OBJC_ISA_USAGE = YES_ERROR;
				CLANG_WARN_DOCUMENTATION_COMMENTS = YES;
				CLANG_WARN_EMPTY_BODY = YES;
				CLANG_WARN_ENUM_CONVERSION = YES;
				CLANG_WARN_INFINITE_RECURSION = YES;
				CLANG_WARN_INT_CONVERSION = YES;
				CLANG_WARN_NON_LITERAL_NULL_CONVERSION = YES;
				CLANG_WARN_OBJC_IMPLICIT_RETAIN_SELF = YES;
				CLANG_WARN_OBJC_LITERAL_CONVERSION = YES;
				CLANG_WARN_OBJC_ROOT_CLASS = YES_ERROR;
				CLANG_WARN_QUOTED_INCLUDE_IN_FRAMEWORK_HEADER = YES;
				CLANG_WARN_RANGE_LOOP_ANALYSIS = YES;
				CLANG_WARN_STRICT_PROTOTYPES = YES;
				CLANG_WARN_SUSPICIOUS_MOVE = YES;
				CLANG_WARN_UNGUARDED_AVAILABILITY = YES_AGGRESSIVE;
				CLANG_WARN_UNREACHABLE_CODE = YES;
				CLANG_WARN__DUPLICATE_METHOD_MATCH = YES;
				COPY_PHASE_STRIP = NO;
				DEBUG_INFORMATION_FORMAT = "dwarf-with-dsym";
				ENABLE_NS_ASSERTIONS = NO;
				ENABLE_STRICT_OBJC_MSGSEND = YES;
				GCC_C_LANGUAGE_STANDARD = gnu11;
				GCC_NO_COMMON_BLOCKS = YES;
				GCC_WARN_64_TO_32_BIT_CONVERSION = YES;
				GCC_WARN_ABOUT_RETURN_TYPE = YES_ERROR;
				GCC_WARN_UNDECLARED_SELECTOR = YES;
				GCC_WARN_UNINITIALIZED_AUTOS = YES_AGGRESSIVE;
				GCC_WARN_UNUSED_FUNCTION = YES;
				GCC_WARN_UNUSED_VARIABLE = YES;
				IPHONEOS_DEPLOYMENT_TARGET = 13.4;
				MTL_ENABLE_DEBUG_INFO = NO;
				MTL_FAST_MATH = YES;
				SDKROOT = iphoneos;
				SWIFT_COMPILATION_MODE = wholemodule;
				SWIFT_OPTIMIZATION_LEVEL = "-O";
				VALIDATE_PRODUCT = YES;
			};
			name = Release;
		};
		FB30E9C1EFB18E73FDBFC7A3 /* Debug */ = {
			isa = XCBuildConfiguration;
			buildSettings = {
				ASSETCATALOG_COMPILER_APPICON_NAME = AppIcon;
				ASSETCATALOG_COMPILER_GLOBAL_ACCENT_COLOR_NAME = AccentColor;
				CURRENT_PROJECT_VERSION = 1;
				DEVELOPMENT_TEAM = QMTD3Q9RGC;
				GENERATE_INFOPLIST_FILE = YES;
				INFOPLIST_FILE = Tracker/Resource/Info.plist;
				INFOPLIST_KEY_LSApplicationCategoryType = "public.app-category.productivity";
				INFOPLIST_KEY_UIApplicationSupportsIndirectInputEvents = YES;
				INFOPLIST_KEY_UILaunchStoryboardName = LaunchScreen;
				INFOPLIST_KEY_UISupportedInterfaceOrientations = UIInterfaceOrientationPortrait;
				INFOPLIST_KEY_UISupportedInterfaceOrientations_iPad = "UIInterfaceOrientationLandscapeLeft UIInterfaceOrientationLandscapeRight UIInterfaceOrientationPortrait UIInterfaceOrientationPortraitUpsideDown";
				IPHONEOS_DEPLOYMENT_TARGET = 13.4;
				LD_RUNPATH_SEARCH_PATHS = (
					"$(inherited)",
					"@executable_path/Frameworks",
				);
				MARKETING_VERSION = 1.0;
				PRODUCT_BUNDLE_IDENTIFIER = team.appto.Tracker;
				PRODUCT_NAME = "$(TARGET_NAME)";
				SUPPORTED_PLATFORMS = "iphoneos iphonesimulator";
				SUPPORTS_MACCATALYST = NO;
				SUPPORTS_MAC_DESIGNED_FOR_IPHONE_IPAD = NO;
				SWIFT_EMIT_LOC_STRINGS = YES;
				SWIFT_VERSION = 5.0;
				TARGETED_DEVICE_FAMILY = 1;
			};
			name = Debug;
		};
		FB30EAD65B84F6CCB170BF85 /* Release */ = {
			isa = XCBuildConfiguration;
			buildSettings = {
				ASSETCATALOG_COMPILER_APPICON_NAME = AppIcon;
				ASSETCATALOG_COMPILER_GLOBAL_ACCENT_COLOR_NAME = AccentColor;
				CURRENT_PROJECT_VERSION = 1;
				DEVELOPMENT_TEAM = QMTD3Q9RGC;
				GENERATE_INFOPLIST_FILE = YES;
				INFOPLIST_FILE = Tracker/Resource/Info.plist;
				INFOPLIST_KEY_LSApplicationCategoryType = "public.app-category.productivity";
				INFOPLIST_KEY_UIApplicationSupportsIndirectInputEvents = YES;
				INFOPLIST_KEY_UILaunchStoryboardName = LaunchScreen;
				INFOPLIST_KEY_UISupportedInterfaceOrientations = UIInterfaceOrientationPortrait;
				INFOPLIST_KEY_UISupportedInterfaceOrientations_iPad = "UIInterfaceOrientationLandscapeLeft UIInterfaceOrientationLandscapeRight UIInterfaceOrientationPortrait UIInterfaceOrientationPortraitUpsideDown";
				IPHONEOS_DEPLOYMENT_TARGET = 13.4;
				LD_RUNPATH_SEARCH_PATHS = (
					"$(inherited)",
					"@executable_path/Frameworks",
				);
				MARKETING_VERSION = 1.0;
				PRODUCT_BUNDLE_IDENTIFIER = team.appto.Tracker;
				PRODUCT_NAME = "$(TARGET_NAME)";
				SUPPORTED_PLATFORMS = "iphoneos iphonesimulator";
				SUPPORTS_MACCATALYST = NO;
				SUPPORTS_MAC_DESIGNED_FOR_IPHONE_IPAD = NO;
				SWIFT_EMIT_LOC_STRINGS = YES;
				SWIFT_VERSION = 5.0;
				TARGETED_DEVICE_FAMILY = 1;
			};
			name = Release;
		};
		FB30EF18DBF6AF8B818D5FF8 /* Debug */ = {
			isa = XCBuildConfiguration;
			buildSettings = {
				ALWAYS_SEARCH_USER_PATHS = NO;
				CLANG_ANALYZER_LOCALIZABILITY_NONLOCALIZED = YES;
				CLANG_ANALYZER_NONNULL = YES;
				CLANG_ANALYZER_NUMBER_OBJECT_CONVERSION = YES_AGGRESSIVE;
				CLANG_CXX_LANGUAGE_STANDARD = "gnu++20";
				CLANG_ENABLE_MODULES = YES;
				CLANG_ENABLE_OBJC_ARC = YES;
				CLANG_ENABLE_OBJC_WEAK = YES;
				CLANG_WARN_BLOCK_CAPTURE_AUTORELEASING = YES;
				CLANG_WARN_BOOL_CONVERSION = YES;
				CLANG_WARN_COMMA = YES;
				CLANG_WARN_CONSTANT_CONVERSION = YES;
				CLANG_WARN_DEPRECATED_OBJC_IMPLEMENTATIONS = YES;
				CLANG_WARN_DIRECT_OBJC_ISA_USAGE = YES_ERROR;
				CLANG_WARN_DOCUMENTATION_COMMENTS = YES;
				CLANG_WARN_EMPTY_BODY = YES;
				CLANG_WARN_ENUM_CONVERSION = YES;
				CLANG_WARN_INFINITE_RECURSION = YES;
				CLANG_WARN_INT_CONVERSION = YES;
				CLANG_WARN_NON_LITERAL_NULL_CONVERSION = YES;
				CLANG_WARN_OBJC_IMPLICIT_RETAIN_SELF = YES;
				CLANG_WARN_OBJC_LITERAL_CONVERSION = YES;
				CLANG_WARN_OBJC_ROOT_CLASS = YES_ERROR;
				CLANG_WARN_QUOTED_INCLUDE_IN_FRAMEWORK_HEADER = YES;
				CLANG_WARN_RANGE_LOOP_ANALYSIS = YES;
				CLANG_WARN_STRICT_PROTOTYPES = YES;
				CLANG_WARN_SUSPICIOUS_MOVE = YES;
				CLANG_WARN_UNGUARDED_AVAILABILITY = YES_AGGRESSIVE;
				CLANG_WARN_UNREACHABLE_CODE = YES;
				CLANG_WARN__DUPLICATE_METHOD_MATCH = YES;
				COPY_PHASE_STRIP = NO;
				DEBUG_INFORMATION_FORMAT = dwarf;
				ENABLE_STRICT_OBJC_MSGSEND = YES;
				ENABLE_TESTABILITY = YES;
				GCC_C_LANGUAGE_STANDARD = gnu11;
				GCC_DYNAMIC_NO_PIC = NO;
				GCC_NO_COMMON_BLOCKS = YES;
				GCC_OPTIMIZATION_LEVEL = 0;
				GCC_PREPROCESSOR_DEFINITIONS = (
					"DEBUG=1",
					"$(inherited)",
				);
				GCC_WARN_64_TO_32_BIT_CONVERSION = YES;
				GCC_WARN_ABOUT_RETURN_TYPE = YES_ERROR;
				GCC_WARN_UNDECLARED_SELECTOR = YES;
				GCC_WARN_UNINITIALIZED_AUTOS = YES_AGGRESSIVE;
				GCC_WARN_UNUSED_FUNCTION = YES;
				GCC_WARN_UNUSED_VARIABLE = YES;
				IPHONEOS_DEPLOYMENT_TARGET = 13.4;
				MTL_ENABLE_DEBUG_INFO = INCLUDE_SOURCE;
				MTL_FAST_MATH = YES;
				ONLY_ACTIVE_ARCH = YES;
				SDKROOT = iphoneos;
				SWIFT_ACTIVE_COMPILATION_CONDITIONS = DEBUG;
				SWIFT_OPTIMIZATION_LEVEL = "-Onone";
			};
			name = Debug;
		};
/* End XCBuildConfiguration section */

/* Begin XCConfigurationList section */
		FB30E32AF629D97275B25910 /* Build configuration list for PBXNativeTarget "Tracker" */ = {
			isa = XCConfigurationList;
			buildConfigurations = (
				FB30E9C1EFB18E73FDBFC7A3 /* Debug */,
				FB30EAD65B84F6CCB170BF85 /* Release */,
			);
			defaultConfigurationIsVisible = 0;
			defaultConfigurationName = Release;
		};
		FB30EEE6C7C4767C717DC6A9 /* Build configuration list for PBXProject "Tracker" */ = {
			isa = XCConfigurationList;
			buildConfigurations = (
				FB30EF18DBF6AF8B818D5FF8 /* Debug */,
				FB30E6B1852525B137EA4C36 /* Release */,
			);
			defaultConfigurationIsVisible = 0;
			defaultConfigurationName = Release;
		};
/* End XCConfigurationList section */
	};
	rootObject = FB30EED2072A05AAAD9644C8 /* Project object */;
}
